
Microsoft Visual Studio Solution File, Format Version 12.00
# Visual Studio 14
VisualStudioVersion = 14.0.25420.1
MinimumVisualStudioVersion = 10.0.40219.1
Project("{FAE04EC0-301F-11D3-BF4B-00C04F79EFBC}") = "Plan_Constrainer", "Plan_Constrainer\Plan_Constrainer.csproj", "{106CEC29-2CF3-43C6-BC11-60C01C788039}"
EndProject
Global
	GlobalSection(SolutionConfigurationPlatforms) = preSolution
		Debug|Any CPU = Debug|Any CPU
		Release|Any CPU = Release|Any CPU
	EndGlobalSection
	GlobalSection(ProjectConfigurationPlatforms) = postSolution
		{106CEC29-2CF3-43C6-BC11-60C01C788039}.Debug|Any CPU.ActiveCfg = Debug|Any CPU
		{106CEC29-2CF3-43C6-BC11-60C01C788039}.Debug|Any CPU.Build.0 = Debug|Any CPU
		{106CEC29-2CF3-43C6-BC11-60C01C788039}.Release|Any CPU.ActiveCfg = Release|Any CPU
		{106CEC29-2CF3-43C6-BC11-60C01C788039}.Release|Any CPU.Build.0 = Release|Any CPU
	EndGlobalSection
	GlobalSection(SolutionProperties) = preSolution
		HideSolutionNode = FALSE
	EndGlobalSection
EndGlobal
